{
    "_readme": [
        "This file locks the dependencies of your project to a known state",
        "Read more about it at https://getcomposer.org/doc/01-basic-usage.md#installing-dependencies",
        "This file is @generated automatically"
    ],
    "content-hash": "4989dc1e2d4975ad2bc7403e061d4ec8",
    "packages": [
        {
            "name": "eightyfour/fuzzy",
            "version": "dev-main",
            "source": {
                "type": "git",
                "url": "https://github.com/eightyfour-ovh/fuzzy.git",
                "reference": "40ef2312cfb338e5abb6e5fad301a299eac9680e"
            },
            "dist": {
                "type": "zip",
                "url": "https://api.github.com/repos/eightyfour-ovh/fuzzy/zipball/40ef2312cfb338e5abb6e5fad301a299eac9680e",
                "reference": "40ef2312cfb338e5abb6e5fad301a299eac9680e",
                "shasum": ""
            },
            "require": {
                "ext-pdo": "*",
                "php": "^8.3"
            },
            "require-dev": {
                "overtrue/phplint": "^9.1",
                "phpbench/phpbench": "^1.2",
                "phpstan/phpstan": "^1.10",
                "phpstan/phpstan-phpunit": "^1.3",
                "phpunit/phpunit": "^11.0"
            },
            "default-branch": true,
            "type": "library",
            "autoload": {
                "psr-4": {
                    "App\\": "app/",
                    "Eightyfour\\": "src/",
                    "EightyfourTests\\": "tests/"
                }
            },
            "notification-url": "https://packagist.org/downloads/",
            "license": [
                "proprietary"
            ],
            "authors": [
                {
                    "name": "Leslie Petrimaux"
                }
            ],
            "description": "Base PHP Framework",
            "support": {
                "issues": "https://github.com/eightyfour-ovh/fuzzy/issues",
                "source": "https://github.com/eightyfour-ovh/fuzzy/tree/main"
            },
            "time": "2024-04-15T13:31:49+00:00"
        }
    ],
    "packages-dev": [],
    "aliases": [],
    "minimum-stability": "dev",
    "stability-flags": {
        "eightyfour/fuzzy": 20
    },
    "prefer-stable": false,
    "prefer-lowest": false,
    "platform": [],
    "platform-dev": [],
    "plugin-api-version": "2.6.0"
}
